
Microsoft Visual Studio Solution File, Format Version 12.00
# Visual Studio Version 16
VisualStudioVersion = 16.0.34601.136
MinimumVisualStudioVersion = 10.0.40219.1
Project("{FAE04EC0-301F-11D3-BF4B-00C04F79EFBC}") = "FactoryDesignPatternExample", "FactoryDesignPatternExample\FactoryDesignPatternExample.csproj", "{0F0B37A8-72B4-4329-830E-81B04E22119B}"
EndProject
Project("{FAE04EC0-301F-11D3-BF4B-00C04F79EFBC}") = "DataAccess", "DataAccess\DataAccess.csproj", "{73C8F618-78FF-4E9D-B08D-6FD638881D71}"
EndProject
Project("{FAE04EC0-301F-11D3-BF4B-00C04F79EFBC}") = "Business", "Business\Business.csproj", "{2DAB70D7-2E7F-4A85-8A8E-ECEE21F48C2B}"
EndProject
Global
	GlobalSection(SolutionConfigurationPlatforms) = preSolution
		Debug|Any CPU = Debug|Any CPU
		Release|Any CPU = Release|Any CPU
	EndGlobalSection
	GlobalSection(ProjectConfigurationPlatforms) = postSolution
		{0F0B37A8-72B4-4329-830E-81B04E22119B}.Debug|Any CPU.ActiveCfg = Debug|Any CPU
		{0F0B37A8-72B4-4329-830E-81B04E22119B}.Debug|Any CPU.Build.0 = Debug|Any CPU
		{0F0B37A8-72B4-4329-830E-81B04E22119B}.Release|Any CPU.ActiveCfg = Release|Any CPU
		{0F0B37A8-72B4-4329-830E-81B04E22119B}.Release|Any CPU.Build.0 = Release|Any CPU
		{73C8F618-78FF-4E9D-B08D-6FD638881D71}.Debug|Any CPU.ActiveCfg = Debug|Any CPU
		{73C8F618-78FF-4E9D-B08D-6FD638881D71}.Debug|Any CPU.Build.0 = Debug|Any CPU
		{73C8F618-78FF-4E9D-B08D-6FD638881D71}.Release|Any CPU.ActiveCfg = Release|Any CPU
		{73C8F618-78FF-4E9D-B08D-6FD638881D71}.Release|Any CPU.Build.0 = Release|Any CPU
		{2DAB70D7-2E7F-4A85-8A8E-ECEE21F48C2B}.Debug|Any CPU.ActiveCfg = Debug|Any CPU
		{2DAB70D7-2E7F-4A85-8A8E-ECEE21F48C2B}.Debug|Any CPU.Build.0 = Debug|Any CPU
		{2DAB70D7-2E7F-4A85-8A8E-ECEE21F48C2B}.Release|Any CPU.ActiveCfg = Release|Any CPU
		{2DAB70D7-2E7F-4A85-8A8E-ECEE21F48C2B}.Release|Any CPU.Build.0 = Release|Any CPU
	EndGlobalSection
	GlobalSection(SolutionProperties) = preSolution
		HideSolutionNode = FALSE
	EndGlobalSection
	GlobalSection(ExtensibilityGlobals) = postSolution
		SolutionGuid = {3E706C3B-AC0E-4095-B62D-A8B174025423}
	EndGlobalSection
EndGlobal
